
Microsoft Visual Studio Solution File, Format Version 12.00
# Visual Studio Version 17
VisualStudioVersion = 17.5.002.0
MinimumVisualStudioVersion = 10.0.40219.1
Project("{2150E333-8FDC-42A3-9474-1A3956D46DE8}") = "prove", "prove", "{47D40F92-E8C6-4059-900C-6310814C7022}"
EndProject
Project("{9A19103F-16F7-4668-BE54-9A1E7A4F7556}") = "Develop04", "prove\Develop04\Develop04.csproj", "{FF86C9B3-1CF3-4BB8-9B9E-58852F320E6B}"
EndProject
Project("{9A19103F-16F7-4668-BE54-9A1E7A4F7556}") = "Develop03", "prove\Develop03\Develop03.csproj", "{79CA4B66-8A23-40F6-9E7E-9CC4A3901F2C}"
EndProject
Project("{9A19103F-16F7-4668-BE54-9A1E7A4F7556}") = "Develop05", "prove\Develop05\Develop05.csproj", "{AA7B09EA-D733-4F2B-A929-1EEFF633B23B}"
EndProject
Project("{9A19103F-16F7-4668-BE54-9A1E7A4F7556}") = "Develop02", "prove\Develop02\Develop02.csproj", "{20BEFA3E-C395-4F71-8093-D93AF0EAD8D3}"
EndProject
Project("{2150E333-8FDC-42A3-9474-1A3956D46DE8}") = "csharp-prep", "csharp-prep", "{FB8630DE-3BEE-4815-BE6B-304FC2538933}"
EndProject
Project("{9A19103F-16F7-4668-BE54-9A1E7A4F7556}") = "Prep2", "csharp-prep\Prep2\Prep2.csproj", "{2D565ADF-9830-4705-B9E3-EAA95B861108}"
EndProject
Project("{9A19103F-16F7-4668-BE54-9A1E7A4F7556}") = "Prep1", "csharp-prep\Prep1\Prep1.csproj", "{C5A8FC43-B5D7-4409-B977-6B90899B36BF}"
EndProject
Project("{9A19103F-16F7-4668-BE54-9A1E7A4F7556}") = "Prep3", "csharp-prep\Prep3\Prep3.csproj", "{6390E4BC-B670-423A-BAC8-D3284D42C06C}"
EndProject
Project("{9A19103F-16F7-4668-BE54-9A1E7A4F7556}") = "Prep4", "csharp-prep\Prep4\Prep4.csproj", "{B5A24033-9C2B-4824-A004-37676BCBB4E9}"
EndProject
Project("{9A19103F-16F7-4668-BE54-9A1E7A4F7556}") = "Prep5", "csharp-prep\Prep5\Prep5.csproj", "{F2B434A3-9A62-4BDA-960F-B3D325DCF318}"
EndProject
Project("{2150E333-8FDC-42A3-9474-1A3956D46DE8}") = "final", "final", "{96174B0B-7866-4EEE-933A-D0F70B72B10B}"
EndProject
Project("{9A19103F-16F7-4668-BE54-9A1E7A4F7556}") = "Foundation4", "final\Foundation4\Foundation4.csproj", "{F75723FF-1A91-4956-BE15-E102BBE5A42F}"
EndProject
Project("{9A19103F-16F7-4668-BE54-9A1E7A4F7556}") = "Foundation2", "final\Foundation2\Foundation2.csproj", "{269FC83B-268D-41CE-A663-2B332D34DEEE}"
EndProject
Project("{9A19103F-16F7-4668-BE54-9A1E7A4F7556}") = "Foundation3", "final\Foundation3\Foundation3.csproj", "{C200C9F7-A8C6-4ECA-95A2-56F3E73E9708}"
EndProject
Project("{9A19103F-16F7-4668-BE54-9A1E7A4F7556}") = "Foundation1", "final\Foundation1\Foundation1.csproj", "{0E6295B9-EBC5-47A2-89C9-573013EA2DC2}"
EndProject
Project("{9A19103F-16F7-4668-BE54-9A1E7A4F7556}") = "FinalProject", "final\FinalProject\FinalProject.csproj", "{22862B6B-C7A7-46FC-9E32-71DFDB1D2F69}"
EndProject
Project("{2150E333-8FDC-42A3-9474-1A3956D46DE8}") = "prepare", "prepare", "{CCE7687C-A155-486A-AE4F-12DA3F5975BE}"
EndProject
Project("{9A19103F-16F7-4668-BE54-9A1E7A4F7556}") = "Learning04", "prepare\Learning04\Learning04.csproj", "{C0DC9101-0AEF-45DF-BE70-FE49BDEFCF02}"
EndProject
Project("{9A19103F-16F7-4668-BE54-9A1E7A4F7556}") = "Learning03", "prepare\Learning03\Learning03.csproj", "{D2F6F618-6825-4488-8DB1-F19740EDF1B9}"
EndProject
Project("{9A19103F-16F7-4668-BE54-9A1E7A4F7556}") = "Learning05", "prepare\Learning05\Learning05.csproj", "{B59C99EB-CA9F-47DD-B895-F7B5164FEDAC}"
EndProject
Project("{9A19103F-16F7-4668-BE54-9A1E7A4F7556}") = "Learning02", "prepare\Learning02\Learning02.csproj", "{018E9AA4-45FC-4B57-869C-983B685BF16B}"
EndProject
Project("{2150E333-8FDC-42A3-9474-1A3956D46DE8}") = "sandbox", "sandbox", "{BB8AFE2E-C188-4467-80C4-F087CC47E3EF}"
EndProject
Project("{9A19103F-16F7-4668-BE54-9A1E7A4F7556}") = "Sandbox", "sandbox\Sandbox\Sandbox.csproj", "{AF69D8ED-097F-47D2-AB16-1E7F39563007}"
EndProject
Global
	GlobalSection(SolutionConfigurationPlatforms) = preSolution
		Debug|Any CPU = Debug|Any CPU
		Release|Any CPU = Release|Any CPU
	EndGlobalSection
	GlobalSection(ProjectConfigurationPlatforms) = postSolution
		{FF86C9B3-1CF3-4BB8-9B9E-58852F320E6B}.Debug|Any CPU.ActiveCfg = Debug|Any CPU
		{FF86C9B3-1CF3-4BB8-9B9E-58852F320E6B}.Debug|Any CPU.Build.0 = Debug|Any CPU
		{FF86C9B3-1CF3-4BB8-9B9E-58852F320E6B}.Release|Any CPU.ActiveCfg = Release|Any CPU
		{FF86C9B3-1CF3-4BB8-9B9E-58852F320E6B}.Release|Any CPU.Build.0 = Release|Any CPU
		{79CA4B66-8A23-40F6-9E7E-9CC4A3901F2C}.Debug|Any CPU.ActiveCfg = Debug|Any CPU
		{79CA4B66-8A23-40F6-9E7E-9CC4A3901F2C}.Debug|Any CPU.Build.0 = Debug|Any CPU
		{79CA4B66-8A23-40F6-9E7E-9CC4A3901F2C}.Release|Any CPU.ActiveCfg = Release|Any CPU
		{79CA4B66-8A23-40F6-9E7E-9CC4A3901F2C}.Release|Any CPU.Build.0 = Release|Any CPU
		{AA7B09EA-D733-4F2B-A929-1EEFF633B23B}.Debug|Any CPU.ActiveCfg = Debug|Any CPU
		{AA7B09EA-D733-4F2B-A929-1EEFF633B23B}.Debug|Any CPU.Build.0 = Debug|Any CPU
		{AA7B09EA-D733-4F2B-A929-1EEFF633B23B}.Release|Any CPU.ActiveCfg = Release|Any CPU
		{AA7B09EA-D733-4F2B-A929-1EEFF633B23B}.Release|Any CPU.Build.0 = Release|Any CPU
		{20BEFA3E-C395-4F71-8093-D93AF0EAD8D3}.Debug|Any CPU.ActiveCfg = Debug|Any CPU
		{20BEFA3E-C395-4F71-8093-D93AF0EAD8D3}.Debug|Any CPU.Build.0 = Debug|Any CPU
		{20BEFA3E-C395-4F71-8093-D93AF0EAD8D3}.Release|Any CPU.ActiveCfg = Release|Any CPU
		{20BEFA3E-C395-4F71-8093-D93AF0EAD8D3}.Release|Any CPU.Build.0 = Release|Any CPU
		{2D565ADF-9830-4705-B9E3-EAA95B861108}.Debug|Any CPU.ActiveCfg = Debug|Any CPU
		{2D565ADF-9830-4705-B9E3-EAA95B861108}.Debug|Any CPU.Build.0 = Debug|Any CPU
		{2D565ADF-9830-4705-B9E3-EAA95B861108}.Release|Any CPU.ActiveCfg = Release|Any CPU
		{2D565ADF-9830-4705-B9E3-EAA95B861108}.Release|Any CPU.Build.0 = Release|Any CPU
		{C5A8FC43-B5D7-4409-B977-6B90899B36BF}.Debug|Any CPU.ActiveCfg = Debug|Any CPU
		{C5A8FC43-B5D7-4409-B977-6B90899B36BF}.Debug|Any CPU.Build.0 = Debug|Any CPU
		{C5A8FC43-B5D7-4409-B977-6B90899B36BF}.Release|Any CPU.ActiveCfg = Release|Any CPU
		{C5A8FC43-B5D7-4409-B977-6B90899B36BF}.Release|Any CPU.Build.0 = Release|Any CPU
		{6390E4BC-B670-423A-BAC8-D3284D42C06C}.Debug|Any CPU.ActiveCfg = Debug|Any CPU
		{6390E4BC-B670-423A-BAC8-D3284D42C06C}.Debug|Any CPU.Build.0 = Debug|Any CPU
		{6390E4BC-B670-423A-BAC8-D3284D42C06C}.Release|Any CPU.ActiveCfg = Release|Any CPU
		{6390E4BC-B670-423A-BAC8-D3284D42C06C}.Release|Any CPU.Build.0 = Release|Any CPU
		{B5A24033-9C2B-4824-A004-37676BCBB4E9}.Debug|Any CPU.ActiveCfg = Debug|Any CPU
		{B5A24033-9C2B-4824-A004-37676BCBB4E9}.Debug|Any CPU.Build.0 = Debug|Any CPU
		{B5A24033-9C2B-4824-A004-37676BCBB4E9}.Release|Any CPU.ActiveCfg = Release|Any CPU
		{B5A24033-9C2B-4824-A004-37676BCBB4E9}.Release|Any CPU.Build.0 = Release|Any CPU
		{F2B434A3-9A62-4BDA-960F-B3D325DCF318}.Debug|Any CPU.ActiveCfg = Debug|Any CPU
		{F2B434A3-9A62-4BDA-960F-B3D325DCF318}.Debug|Any CPU.Build.0 = Debug|Any CPU
		{F2B434A3-9A62-4BDA-960F-B3D325DCF318}.Release|Any CPU.ActiveCfg = Release|Any CPU
		{F2B434A3-9A62-4BDA-960F-B3D325DCF318}.Release|Any CPU.Build.0 = Release|Any CPU
		{F75723FF-1A91-4956-BE15-E102BBE5A42F}.Debug|Any CPU.ActiveCfg = Debug|Any CPU
		{F75723FF-1A91-4956-BE15-E102BBE5A42F}.Debug|Any CPU.Build.0 = Debug|Any CPU
		{F75723FF-1A91-4956-BE15-E102BBE5A42F}.Release|Any CPU.ActiveCfg = Release|Any CPU
		{F75723FF-1A91-4956-BE15-E102BBE5A42F}.Release|Any CPU.Build.0 = Release|Any CPU
		{269FC83B-268D-41CE-A663-2B332D34DEEE}.Debug|Any CPU.ActiveCfg = Debug|Any CPU
		{269FC83B-268D-41CE-A663-2B332D34DEEE}.Debug|Any CPU.Build.0 = Debug|Any CPU
		{269FC83B-268D-41CE-A663-2B332D34DEEE}.Release|Any CPU.ActiveCfg = Release|Any CPU
		{269FC83B-268D-41CE-A663-2B332D34DEEE}.Release|Any CPU.Build.0 = Release|Any CPU
		{C200C9F7-A8C6-4ECA-95A2-56F3E73E9708}.Debug|Any CPU.ActiveCfg = Debug|Any CPU
		{C200C9F7-A8C6-4ECA-95A2-56F3E73E9708}.Debug|Any CPU.Build.0 = Debug|Any CPU
		{C200C9F7-A8C6-4ECA-95A2-56F3E73E9708}.Release|Any CPU.ActiveCfg = Release|Any CPU
		{C200C9F7-A8C6-4ECA-95A2-56F3E73E9708}.Release|Any CPU.Build.0 = Release|Any CPU
		{0E6295B9-EBC5-47A2-89C9-573013EA2DC2}.Debug|Any CPU.ActiveCfg = Debug|Any CPU
		{0E6295B9-EBC5-47A2-89C9-573013EA2DC2}.Debug|Any CPU.Build.0 = Debug|Any CPU
		{0E6295B9-EBC5-47A2-89C9-573013EA2DC2}.Release|Any CPU.ActiveCfg = Release|Any CPU
		{0E6295B9-EBC5-47A2-89C9-573013EA2DC2}.Release|Any CPU.Build.0 = Release|Any CPU
		{22862B6B-C7A7-46FC-9E32-71DFDB1D2F69}.Debug|Any CPU.ActiveCfg = Debug|Any CPU
		{22862B6B-C7A7-46FC-9E32-71DFDB1D2F69}.Debug|Any CPU.Build.0 = Debug|Any CPU
		{22862B6B-C7A7-46FC-9E32-71DFDB1D2F69}.Release|Any CPU.ActiveCfg = Release|Any CPU
		{22862B6B-C7A7-46FC-9E32-71DFDB1D2F69}.Release|Any CPU.Build.0 = Release|Any CPU
		{C0DC9101-0AEF-45DF-BE70-FE49BDEFCF02}.Debug|Any CPU.ActiveCfg = Debug|Any CPU
		{C0DC9101-0AEF-45DF-BE70-FE49BDEFCF02}.Debug|Any CPU.Build.0 = Debug|Any CPU
		{C0DC9101-0AEF-45DF-BE70-FE49BDEFCF02}.Release|Any CPU.ActiveCfg = Release|Any CPU
		{C0DC9101-0AEF-45DF-BE70-FE49BDEFCF02}.Release|Any CPU.Build.0 = Release|Any CPU
		{D2F6F618-6825-4488-8DB1-F19740EDF1B9}.Debug|Any CPU.ActiveCfg = Debug|Any CPU
		{D2F6F618-6825-4488-8DB1-F19740EDF1B9}.Debug|Any CPU.Build.0 = Debug|Any CPU
		{D2F6F618-6825-4488-8DB1-F19740EDF1B9}.Release|Any CPU.ActiveCfg = Release|Any CPU
		{D2F6F618-6825-4488-8DB1-F19740EDF1B9}.Release|Any CPU.Build.0 = Release|Any CPU
		{B59C99EB-CA9F-47DD-B895-F7B5164FEDAC}.Debug|Any CPU.ActiveCfg = Debug|Any CPU
		{B59C99EB-CA9F-47DD-B895-F7B5164FEDAC}.Debug|Any CPU.Build.0 = Debug|Any CPU
		{B59C99EB-CA9F-47DD-B895-F7B5164FEDAC}.Release|Any CPU.ActiveCfg = Release|Any CPU
		{B59C99EB-CA9F-47DD-B895-F7B5164FEDAC}.Release|Any CPU.Build.0 = Release|Any CPU
		{018E9AA4-45FC-4B57-869C-983B685BF16B}.Debug|Any CPU.ActiveCfg = Debug|Any CPU
		{018E9AA4-45FC-4B57-869C-983B685BF16B}.Debug|Any CPU.Build.0 = Debug|Any CPU
		{018E9AA4-45FC-4B57-869C-983B685BF16B}.Release|Any CPU.ActiveCfg = Release|Any CPU
		{018E9AA4-45FC-4B57-869C-983B685BF16B}.Release|Any CPU.Build.0 = Release|Any CPU
		{AF69D8ED-097F-47D2-AB16-1E7F39563007}.Debug|Any CPU.ActiveCfg = Debug|Any CPU
		{AF69D8ED-097F-47D2-AB16-1E7F39563007}.Debug|Any CPU.Build.0 = Debug|Any CPU
		{AF69D8ED-097F-47D2-AB16-1E7F39563007}.Release|Any CPU.ActiveCfg = Release|Any CPU
		{AF69D8ED-097F-47D2-AB16-1E7F39563007}.Release|Any CPU.Build.0 = Release|Any CPU
	EndGlobalSection
	GlobalSection(SolutionProperties) = preSolution
		HideSolutionNode = FALSE
	EndGlobalSection
	GlobalSection(NestedProjects) = preSolution
		{FF86C9B3-1CF3-4BB8-9B9E-58852F320E6B} = {47D40F92-E8C6-4059-900C-6310814C7022}
		{79CA4B66-8A23-40F6-9E7E-9CC4A3901F2C} = {47D40F92-E8C6-4059-900C-6310814C7022}
		{AA7B09EA-D733-4F2B-A929-1EEFF633B23B} = {47D40F92-E8C6-4059-900C-6310814C7022}
		{20BEFA3E-C395-4F71-8093-D93AF0EAD8D3} = {47D40F92-E8C6-4059-900C-6310814C7022}
		{2D565ADF-9830-4705-B9E3-EAA95B861108} = {FB8630DE-3BEE-4815-BE6B-304FC2538933}
		{C5A8FC43-B5D7-4409-B977-6B90899B36BF} = {FB8630DE-3BEE-4815-BE6B-304FC2538933}
		{6390E4BC-B670-423A-BAC8-D3284D42C06C} = {FB8630DE-3BEE-4815-BE6B-304FC2538933}
		{B5A24033-9C2B-4824-A004-37676BCBB4E9} = {FB8630DE-3BEE-4815-BE6B-304FC2538933}
		{F2B434A3-9A62-4BDA-960F-B3D325DCF318} = {FB8630DE-3BEE-4815-BE6B-304FC2538933}
		{F75723FF-1A91-4956-BE15-E102BBE5A42F} = {96174B0B-7866-4EEE-933A-D0F70B72B10B}
		{269FC83B-268D-41CE-A663-2B332D34DEEE} = {96174B0B-7866-4EEE-933A-D0F70B72B10B}
		{C200C9F7-A8C6-4ECA-95A2-56F3E73E9708} = {96174B0B-7866-4EEE-933A-D0F70B72B10B}
		{0E6295B9-EBC5-47A2-89C9-573013EA2DC2} = {96174B0B-7866-4EEE-933A-D0F70B72B10B}
		{22862B6B-C7A7-46FC-9E32-71DFDB1D2F69} = {96174B0B-7866-4EEE-933A-D0F70B72B10B}
		{C0DC9101-0AEF-45DF-BE70-FE49BDEFCF02} = {CCE7687C-A155-486A-AE4F-12DA3F5975BE}
		{D2F6F618-6825-4488-8DB1-F19740EDF1B9} = {CCE7687C-A155-486A-AE4F-12DA3F5975BE}
		{B59C99EB-CA9F-47DD-B895-F7B5164FEDAC} = {CCE7687C-A155-486A-AE4F-12DA3F5975BE}
		{018E9AA4-45FC-4B57-869C-983B685BF16B} = {CCE7687C-A155-486A-AE4F-12DA3F5975BE}
		{AF69D8ED-097F-47D2-AB16-1E7F39563007} = {BB8AFE2E-C188-4467-80C4-F087CC47E3EF}
	EndGlobalSection
	GlobalSection(ExtensibilityGlobals) = postSolution
		SolutionGuid = {6B74C3F6-3F8A-4AD9-8E7E-1DDB5CD41E9B}
	EndGlobalSection
EndGlobal
